
Microsoft Visual Studio Solution File, Format Version 12.00
# Visual Studio Version 17
VisualStudioVersion = 17.14.36203.30
MinimumVisualStudioVersion = 10.0.40219.1
Project("{FAE04EC0-301F-11D3-BF4B-00C04F79EFBC}") = "LitClubApi", "LitClubApi.csproj", "{720ADC5F-5A50-42FB-8CDE-F8C7A5A9B0E3}"
EndProject
Project("{FAE04EC0-301F-11D3-BF4B-00C04F79EFBC}") = "LitClubSeeder", "..\LitClubSeeder\LitClubSeeder.csproj", "{65C4DDEA-83E3-4AD0-A82C-B73E1CCB4C3B}"
EndProject
Global
	GlobalSection(SolutionConfigurationPlatforms) = preSolution
		Debug|Any CPU = Debug|Any CPU
		Release|Any CPU = Release|Any CPU
	EndGlobalSection
	GlobalSection(ProjectConfigurationPlatforms) = postSolution
		{720ADC5F-5A50-42FB-8CDE-F8C7A5A9B0E3}.Debug|Any CPU.ActiveCfg = Debug|Any CPU
		{720ADC5F-5A50-42FB-8CDE-F8C7A5A9B0E3}.Debug|Any CPU.Build.0 = Debug|Any CPU
		{720ADC5F-5A50-42FB-8CDE-F8C7A5A9B0E3}.Release|Any CPU.ActiveCfg = Release|Any CPU
		{720ADC5F-5A50-42FB-8CDE-F8C7A5A9B0E3}.Release|Any CPU.Build.0 = Release|Any CPU
		{65C4DDEA-83E3-4AD0-A82C-B73E1CCB4C3B}.Debug|Any CPU.ActiveCfg = Debug|Any CPU
		{65C4DDEA-83E3-4AD0-A82C-B73E1CCB4C3B}.Debug|Any CPU.Build.0 = Debug|Any CPU
		{65C4DDEA-83E3-4AD0-A82C-B73E1CCB4C3B}.Release|Any CPU.ActiveCfg = Release|Any CPU
		{65C4DDEA-83E3-4AD0-A82C-B73E1CCB4C3B}.Release|Any CPU.Build.0 = Release|Any CPU
	EndGlobalSection
	GlobalSection(SolutionProperties) = preSolution
		HideSolutionNode = FALSE
	EndGlobalSection
	GlobalSection(ExtensibilityGlobals) = postSolution
		SolutionGuid = {2C70D3AB-AE8D-4B7A-B9DA-D26C44912DD8}
	EndGlobalSection
EndGlobal
